
Microsoft Visual Studio Solution File, Format Version 12.00
# Visual Studio 15
VisualStudioVersion = 15.0.26403.7
MinimumVisualStudioVersion = 10.0.40219.1
Project("{FAE04EC0-301F-11D3-BF4B-00C04F79EFBC}") = "XFXAML", "XFXAML\XFXAML\XFXAML.csproj", "{9B33E710-29F4-40D5-89FD-1A52C69A2B9F}"
EndProject
Project("{FAE04EC0-301F-11D3-BF4B-00C04F79EFBC}") = "XFXAML.Droid", "XFXAML\XFXAML.Droid\XFXAML.Droid.csproj", "{DBD210C6-A7E2-4729-B583-4D96AB8D8A45}"
EndProject
Project("{FAE04EC0-301F-11D3-BF4B-00C04F79EFBC}") = "XFXAML.iOS", "XFXAML\XFXAML.iOS\XFXAML.iOS.csproj", "{E7A12D19-082B-4AFF-8DBF-8EAEAFB47D36}"
EndProject
Project("{FAE04EC0-301F-11D3-BF4B-00C04F79EFBC}") = "XFXAML.UWP", "XFXAML\XFXAML.UWP\XFXAML.UWP.csproj", "{549A229B-9C26-48D1-A413-BC8B7B5185E2}"
EndProject
Global
	GlobalSection(SolutionConfigurationPlatforms) = preSolution
		Ad-Hoc|Any CPU = Ad-Hoc|Any CPU
		Ad-Hoc|ARM = Ad-Hoc|ARM
		Ad-Hoc|iPhone = Ad-Hoc|iPhone
		Ad-Hoc|iPhoneSimulator = Ad-Hoc|iPhoneSimulator
		Ad-Hoc|x64 = Ad-Hoc|x64
		Ad-Hoc|x86 = Ad-Hoc|x86
		AppStore|Any CPU = AppStore|Any CPU
		AppStore|ARM = AppStore|ARM
		AppStore|iPhone = AppStore|iPhone
		AppStore|iPhoneSimulator = AppStore|iPhoneSimulator
		AppStore|x64 = AppStore|x64
		AppStore|x86 = AppStore|x86
		Debug|Any CPU = Debug|Any CPU
		Debug|ARM = Debug|ARM
		Debug|iPhone = Debug|iPhone
		Debug|iPhoneSimulator = Debug|iPhoneSimulator
		Debug|x64 = Debug|x64
		Debug|x86 = Debug|x86
		Release|Any CPU = Release|Any CPU
		Release|ARM = Release|ARM
		Release|iPhone = Release|iPhone
		Release|iPhoneSimulator = Release|iPhoneSimulator
		Release|x64 = Release|x64
		Release|x86 = Release|x86
	EndGlobalSection
	GlobalSection(ProjectConfigurationPlatforms) = postSolution
		{9B33E710-29F4-40D5-89FD-1A52C69A2B9F}.Ad-Hoc|Any CPU.ActiveCfg = Release|Any CPU
		{9B33E710-29F4-40D5-89FD-1A52C69A2B9F}.Ad-Hoc|Any CPU.Build.0 = Release|Any CPU
		{9B33E710-29F4-40D5-89FD-1A52C69A2B9F}.Ad-Hoc|ARM.ActiveCfg = Release|Any CPU
		{9B33E710-29F4-40D5-89FD-1A52C69A2B9F}.Ad-Hoc|ARM.Build.0 = Release|Any CPU
		{9B33E710-29F4-40D5-89FD-1A52C69A2B9F}.Ad-Hoc|iPhone.ActiveCfg = Release|Any CPU
		{9B33E710-29F4-40D5-89FD-1A52C69A2B9F}.Ad-Hoc|iPhone.Build.0 = Release|Any CPU
		{9B33E710-29F4-40D5-89FD-1A52C69A2B9F}.Ad-Hoc|iPhoneSimulator.ActiveCfg = Release|Any CPU
		{9B33E710-29F4-40D5-89FD-1A52C69A2B9F}.Ad-Hoc|iPhoneSimulator.Build.0 = Release|Any CPU
		{9B33E710-29F4-40D5-89FD-1A52C69A2B9F}.Ad-Hoc|x64.ActiveCfg = Release|Any CPU
		{9B33E710-29F4-40D5-89FD-1A52C69A2B9F}.Ad-Hoc|x64.Build.0 = Release|Any CPU
		{9B33E710-29F4-40D5-89FD-1A52C69A2B9F}.Ad-Hoc|x86.ActiveCfg = Release|Any CPU
		{9B33E710-29F4-40D5-89FD-1A52C69A2B9F}.Ad-Hoc|x86.Build.0 = Release|Any CPU
		{9B33E710-29F4-40D5-89FD-1A52C69A2B9F}.AppStore|Any CPU.ActiveCfg = Release|Any CPU
		{9B33E710-29F4-40D5-89FD-1A52C69A2B9F}.AppStore|Any CPU.Build.0 = Release|Any CPU
		{9B33E710-29F4-40D5-89FD-1A52C69A2B9F}.AppStore|ARM.ActiveCfg = Release|Any CPU
		{9B33E710-29F4-40D5-89FD-1A52C69A2B9F}.AppStore|ARM.Build.0 = Release|Any CPU
		{9B33E710-29F4-40D5-89FD-1A52C69A2B9F}.AppStore|iPhone.ActiveCfg = Release|Any CPU
		{9B33E710-29F4-40D5-89FD-1A52C69A2B9F}.AppStore|iPhone.Build.0 = Release|Any CPU
		{9B33E710-29F4-40D5-89FD-1A52C69A2B9F}.AppStore|iPhoneSimulator.ActiveCfg = Release|Any CPU
		{9B33E710-29F4-40D5-89FD-1A52C69A2B9F}.AppStore|iPhoneSimulator.Build.0 = Release|Any CPU
		{9B33E710-29F4-40D5-89FD-1A52C69A2B9F}.AppStore|x64.ActiveCfg = Release|Any CPU
		{9B33E710-29F4-40D5-89FD-1A52C69A2B9F}.AppStore|x64.Build.0 = Release|Any CPU
		{9B33E710-29F4-40D5-89FD-1A52C69A2B9F}.AppStore|x86.ActiveCfg = Release|Any CPU
		{9B33E710-29F4-40D5-89FD-1A52C69A2B9F}.AppStore|x86.Build.0 = Release|Any CPU
		{9B33E710-29F4-40D5-89FD-1A52C69A2B9F}.Debug|Any CPU.ActiveCfg = Debug|Any CPU
		{9B33E710-29F4-40D5-89FD-1A52C69A2B9F}.Debug|Any CPU.Build.0 = Debug|Any CPU
		{9B33E710-29F4-40D5-89FD-1A52C69A2B9F}.Debug|ARM.ActiveCfg = Debug|Any CPU
		{9B33E710-29F4-40D5-89FD-1A52C69A2B9F}.Debug|ARM.Build.0 = Debug|Any CPU
		{9B33E710-29F4-40D5-89FD-1A52C69A2B9F}.Debug|iPhone.ActiveCfg = Debug|Any CPU
		{9B33E710-29F4-40D5-89FD-1A52C69A2B9F}.Debug|iPhone.Build.0 = Debug|Any CPU
		{9B33E710-29F4-40D5-89FD-1A52C69A2B9F}.Debug|iPhoneSimulator.ActiveCfg = Debug|Any CPU
		{9B33E710-29F4-40D5-89FD-1A52C69A2B9F}.Debug|iPhoneSimulator.Build.0 = Debug|Any CPU
		{9B33E710-29F4-40D5-89FD-1A52C69A2B9F}.Debug|x64.ActiveCfg = Debug|Any CPU
		{9B33E710-29F4-40D5-89FD-1A52C69A2B9F}.Debug|x64.Build.0 = Debug|Any CPU
		{9B33E710-29F4-40D5-89FD-1A52C69A2B9F}.Debug|x86.ActiveCfg = Debug|Any CPU
		{9B33E710-29F4-40D5-89FD-1A52C69A2B9F}.Debug|x86.Build.0 = Debug|Any CPU
		{9B33E710-29F4-40D5-89FD-1A52C69A2B9F}.Release|Any CPU.ActiveCfg = Release|Any CPU
		{9B33E710-29F4-40D5-89FD-1A52C69A2B9F}.Release|Any CPU.Build.0 = Release|Any CPU
		{9B33E710-29F4-40D5-89FD-1A52C69A2B9F}.Release|ARM.ActiveCfg = Release|Any CPU
		{9B33E710-29F4-40D5-89FD-1A52C69A2B9F}.Release|ARM.Build.0 = Release|Any CPU
		{9B33E710-29F4-40D5-89FD-1A52C69A2B9F}.Release|iPhone.ActiveCfg = Release|Any CPU
		{9B33E710-29F4-40D5-89FD-1A52C69A2B9F}.Release|iPhone.Build.0 = Release|Any CPU
		{9B33E710-29F4-40D5-89FD-1A52C69A2B9F}.Release|iPhoneSimulator.ActiveCfg = Release|Any CPU
		{9B33E710-29F4-40D5-89FD-1A52C69A2B9F}.Release|iPhoneSimulator.Build.0 = Release|Any CPU
		{9B33E710-29F4-40D5-89FD-1A52C69A2B9F}.Release|x64.ActiveCfg = Release|Any CPU
		{9B33E710-29F4-40D5-89FD-1A52C69A2B9F}.Release|x64.Build.0 = Release|Any CPU
		{9B33E710-29F4-40D5-89FD-1A52C69A2B9F}.Release|x86.ActiveCfg = Release|Any CPU
		{9B33E710-29F4-40D5-89FD-1A52C69A2B9F}.Release|x86.Build.0 = Release|Any CPU
		{DBD210C6-A7E2-4729-B583-4D96AB8D8A45}.Ad-Hoc|Any CPU.ActiveCfg = Release|Any CPU
		{DBD210C6-A7E2-4729-B583-4D96AB8D8A45}.Ad-Hoc|Any CPU.Build.0 = Release|Any CPU
		{DBD210C6-A7E2-4729-B583-4D96AB8D8A45}.Ad-Hoc|Any CPU.Deploy.0 = Release|Any CPU
		{DBD210C6-A7E2-4729-B583-4D96AB8D8A45}.Ad-Hoc|ARM.ActiveCfg = Release|Any CPU
		{DBD210C6-A7E2-4729-B583-4D96AB8D8A45}.Ad-Hoc|ARM.Build.0 = Release|Any CPU
		{DBD210C6-A7E2-4729-B583-4D96AB8D8A45}.Ad-Hoc|ARM.Deploy.0 = Release|Any CPU
		{DBD210C6-A7E2-4729-B583-4D96AB8D8A45}.Ad-Hoc|iPhone.ActiveCfg = Release|Any CPU
		{DBD210C6-A7E2-4729-B583-4D96AB8D8A45}.Ad-Hoc|iPhone.Build.0 = Release|Any CPU
		{DBD210C6-A7E2-4729-B583-4D96AB8D8A45}.Ad-Hoc|iPhone.Deploy.0 = Release|Any CPU
		{DBD210C6-A7E2-4729-B583-4D96AB8D8A45}.Ad-Hoc|iPhoneSimulator.ActiveCfg = Release|Any CPU
		{DBD210C6-A7E2-4729-B583-4D96AB8D8A45}.Ad-Hoc|iPhoneSimulator.Build.0 = Release|Any CPU
		{DBD210C6-A7E2-4729-B583-4D96AB8D8A45}.Ad-Hoc|iPhoneSimulator.Deploy.0 = Release|Any CPU
		{DBD210C6-A7E2-4729-B583-4D96AB8D8A45}.Ad-Hoc|x64.ActiveCfg = Release|Any CPU
		{DBD210C6-A7E2-4729-B583-4D96AB8D8A45}.Ad-Hoc|x64.Build.0 = Release|Any CPU
		{DBD210C6-A7E2-4729-B583-4D96AB8D8A45}.Ad-Hoc|x64.Deploy.0 = Release|Any CPU
		{DBD210C6-A7E2-4729-B583-4D96AB8D8A45}.Ad-Hoc|x86.ActiveCfg = Release|Any CPU
		{DBD210C6-A7E2-4729-B583-4D96AB8D8A45}.Ad-Hoc|x86.Build.0 = Release|Any CPU
		{DBD210C6-A7E2-4729-B583-4D96AB8D8A45}.Ad-Hoc|x86.Deploy.0 = Release|Any CPU
		{DBD210C6-A7E2-4729-B583-4D96AB8D8A45}.AppStore|Any CPU.ActiveCfg = Release|Any CPU
		{DBD210C6-A7E2-4729-B583-4D96AB8D8A45}.AppStore|Any CPU.Build.0 = Release|Any CPU
		{DBD210C6-A7E2-4729-B583-4D96AB8D8A45}.AppStore|Any CPU.Deploy.0 = Release|Any CPU
		{DBD210C6-A7E2-4729-B583-4D96AB8D8A45}.AppStore|ARM.ActiveCfg = Release|Any CPU
		{DBD210C6-A7E2-4729-B583-4D96AB8D8A45}.AppStore|ARM.Build.0 = Release|Any CPU
		{DBD210C6-A7E2-4729-B583-4D96AB8D8A45}.AppStore|ARM.Deploy.0 = Release|Any CPU
		{DBD210C6-A7E2-4729-B583-4D96AB8D8A45}.AppStore|iPhone.ActiveCfg = Release|Any CPU
		{DBD210C6-A7E2-4729-B583-4D96AB8D8A45}.AppStore|iPhone.Build.0 = Release|Any CPU
		{DBD210C6-A7E2-4729-B583-4D96AB8D8A45}.AppStore|iPhone.Deploy.0 = Release|Any CPU
		{DBD210C6-A7E2-4729-B583-4D96AB8D8A45}.AppStore|iPhoneSimulator.ActiveCfg = Release|Any CPU
		{DBD210C6-A7E2-4729-B583-4D96AB8D8A45}.AppStore|iPhoneSimulator.Build.0 = Release|Any CPU
		{DBD210C6-A7E2-4729-B583-4D96AB8D8A45}.AppStore|iPhoneSimulator.Deploy.0 = Release|Any CPU
		{DBD210C6-A7E2-4729-B583-4D96AB8D8A45}.AppStore|x64.ActiveCfg = Release|Any CPU
		{DBD210C6-A7E2-4729-B583-4D96AB8D8A45}.AppStore|x64.Build.0 = Release|Any CPU
		{DBD210C6-A7E2-4729-B583-4D96AB8D8A45}.AppStore|x64.Deploy.0 = Release|Any CPU
		{DBD210C6-A7E2-4729-B583-4D96AB8D8A45}.AppStore|x86.ActiveCfg = Release|Any CPU
		{DBD210C6-A7E2-4729-B583-4D96AB8D8A45}.AppStore|x86.Build.0 = Release|Any CPU
		{DBD210C6-A7E2-4729-B583-4D96AB8D8A45}.AppStore|x86.Deploy.0 = Release|Any CPU
		{DBD210C6-A7E2-4729-B583-4D96AB8D8A45}.Debug|Any CPU.ActiveCfg = Debug|Any CPU
		{DBD210C6-A7E2-4729-B583-4D96AB8D8A45}.Debug|Any CPU.Build.0 = Debug|Any CPU
		{DBD210C6-A7E2-4729-B583-4D96AB8D8A45}.Debug|Any CPU.Deploy.0 = Debug|Any CPU
		{DBD210C6-A7E2-4729-B583-4D96AB8D8A45}.Debug|ARM.ActiveCfg = Debug|Any CPU
		{DBD210C6-A7E2-4729-B583-4D96AB8D8A45}.Debug|ARM.Build.0 = Debug|Any CPU
		{DBD210C6-A7E2-4729-B583-4D96AB8D8A45}.Debug|ARM.Deploy.0 = Debug|Any CPU
		{DBD210C6-A7E2-4729-B583-4D96AB8D8A45}.Debug|iPhone.ActiveCfg = Debug|Any CPU
		{DBD210C6-A7E2-4729-B583-4D96AB8D8A45}.Debug|iPhone.Build.0 = Debug|Any CPU
		{DBD210C6-A7E2-4729-B583-4D96AB8D8A45}.Debug|iPhone.Deploy.0 = Debug|Any CPU
		{DBD210C6-A7E2-4729-B583-4D96AB8D8A45}.Debug|iPhoneSimulator.ActiveCfg = Debug|Any CPU
		{DBD210C6-A7E2-4729-B583-4D96AB8D8A45}.Debug|iPhoneSimulator.Build.0 = Debug|Any CPU
		{DBD210C6-A7E2-4729-B583-4D96AB8D8A45}.Debug|iPhoneSimulator.Deploy.0 = Debug|Any CPU
		{DBD210C6-A7E2-4729-B583-4D96AB8D8A45}.Debug|x64.ActiveCfg = Debug|Any CPU
		{DBD210C6-A7E2-4729-B583-4D96AB8D8A45}.Debug|x64.Build.0 = Debug|Any CPU
		{DBD210C6-A7E2-4729-B583-4D96AB8D8A45}.Debug|x64.Deploy.0 = Debug|Any CPU
		{DBD210C6-A7E2-4729-B583-4D96AB8D8A45}.Debug|x86.ActiveCfg = Debug|Any CPU
		{DBD210C6-A7E2-4729-B583-4D96AB8D8A45}.Debug|x86.Build.0 = Debug|Any CPU
		{DBD210C6-A7E2-4729-B583-4D96AB8D8A45}.Debug|x86.Deploy.0 = Debug|Any CPU
		{DBD210C6-A7E2-4729-B583-4D96AB8D8A45}.Release|Any CPU.ActiveCfg = Release|Any CPU
		{DBD210C6-A7E2-4729-B583-4D96AB8D8A45}.Release|Any CPU.Build.0 = Release|Any CPU
		{DBD210C6-A7E2-4729-B583-4D96AB8D8A45}.Release|Any CPU.Deploy.0 = Release|Any CPU
		{DBD210C6-A7E2-4729-B583-4D96AB8D8A45}.Release|ARM.ActiveCfg = Release|Any CPU
		{DBD210C6-A7E2-4729-B583-4D96AB8D8A45}.Release|ARM.Build.0 = Release|Any CPU
		{DBD210C6-A7E2-4729-B583-4D96AB8D8A45}.Release|ARM.Deploy.0 = Release|Any CPU
		{DBD210C6-A7E2-4729-B583-4D96AB8D8A45}.Release|iPhone.ActiveCfg = Release|Any CPU
		{DBD210C6-A7E2-4729-B583-4D96AB8D8A45}.Release|iPhone.Build.0 = Release|Any CPU
		{DBD210C6-A7E2-4729-B583-4D96AB8D8A45}.Release|iPhone.Deploy.0 = Release|Any CPU
		{DBD210C6-A7E2-4729-B583-4D96AB8D8A45}.Release|iPhoneSimulator.ActiveCfg = Release|Any CPU
		{DBD210C6-A7E2-4729-B583-4D96AB8D8A45}.Release|iPhoneSimulator.Build.0 = Release|Any CPU
		{DBD210C6-A7E2-4729-B583-4D96AB8D8A45}.Release|iPhoneSimulator.Deploy.0 = Release|Any CPU
		{DBD210C6-A7E2-4729-B583-4D96AB8D8A45}.Release|x64.ActiveCfg = Release|Any CPU
		{DBD210C6-A7E2-4729-B583-4D96AB8D8A45}.Release|x64.Build.0 = Release|Any CPU
		{DBD210C6-A7E2-4729-B583-4D96AB8D8A45}.Release|x64.Deploy.0 = Release|Any CPU
		{DBD210C6-A7E2-4729-B583-4D96AB8D8A45}.Release|x86.ActiveCfg = Release|Any CPU
		{DBD210C6-A7E2-4729-B583-4D96AB8D8A45}.Release|x86.Build.0 = Release|Any CPU
		{DBD210C6-A7E2-4729-B583-4D96AB8D8A45}.Release|x86.Deploy.0 = Release|Any CPU
		{E7A12D19-082B-4AFF-8DBF-8EAEAFB47D36}.Ad-Hoc|Any CPU.ActiveCfg = Ad-Hoc|iPhone
		{E7A12D19-082B-4AFF-8DBF-8EAEAFB47D36}.Ad-Hoc|ARM.ActiveCfg = Ad-Hoc|iPhone
		{E7A12D19-082B-4AFF-8DBF-8EAEAFB47D36}.Ad-Hoc|iPhone.ActiveCfg = Ad-Hoc|iPhone
		{E7A12D19-082B-4AFF-8DBF-8EAEAFB47D36}.Ad-Hoc|iPhone.Build.0 = Ad-Hoc|iPhone
		{E7A12D19-082B-4AFF-8DBF-8EAEAFB47D36}.Ad-Hoc|iPhoneSimulator.ActiveCfg = Ad-Hoc|iPhoneSimulator
		{E7A12D19-082B-4AFF-8DBF-8EAEAFB47D36}.Ad-Hoc|iPhoneSimulator.Build.0 = Ad-Hoc|iPhoneSimulator
		{E7A12D19-082B-4AFF-8DBF-8EAEAFB47D36}.Ad-Hoc|x64.ActiveCfg = Ad-Hoc|iPhone
		{E7A12D19-082B-4AFF-8DBF-8EAEAFB47D36}.Ad-Hoc|x86.ActiveCfg = Ad-Hoc|iPhone
		{E7A12D19-082B-4AFF-8DBF-8EAEAFB47D36}.AppStore|Any CPU.ActiveCfg = AppStore|iPhone
		{E7A12D19-082B-4AFF-8DBF-8EAEAFB47D36}.AppStore|ARM.ActiveCfg = AppStore|iPhone
		{E7A12D19-082B-4AFF-8DBF-8EAEAFB47D36}.AppStore|iPhone.ActiveCfg = AppStore|iPhone
		{E7A12D19-082B-4AFF-8DBF-8EAEAFB47D36}.AppStore|iPhone.Build.0 = AppStore|iPhone
		{E7A12D19-082B-4AFF-8DBF-8EAEAFB47D36}.AppStore|iPhoneSimulator.ActiveCfg = AppStore|iPhoneSimulator
		{E7A12D19-082B-4AFF-8DBF-8EAEAFB47D36}.AppStore|iPhoneSimulator.Build.0 = AppStore|iPhoneSimulator
		{E7A12D19-082B-4AFF-8DBF-8EAEAFB47D36}.AppStore|x64.ActiveCfg = AppStore|iPhone
		{E7A12D19-082B-4AFF-8DBF-8EAEAFB47D36}.AppStore|x86.ActiveCfg = AppStore|iPhone
		{E7A12D19-082B-4AFF-8DBF-8EAEAFB47D36}.Debug|Any CPU.ActiveCfg = Debug|iPhone
		{E7A12D19-082B-4AFF-8DBF-8EAEAFB47D36}.Debug|ARM.ActiveCfg = Debug|iPhone
		{E7A12D19-082B-4AFF-8DBF-8EAEAFB47D36}.Debug|iPhone.ActiveCfg = Debug|iPhone
		{E7A12D19-082B-4AFF-8DBF-8EAEAFB47D36}.Debug|iPhone.Build.0 = Debug|iPhone
		{E7A12D19-082B-4AFF-8DBF-8EAEAFB47D36}.Debug|iPhoneSimulator.ActiveCfg = Debug|iPhoneSimulator
		{E7A12D19-082B-4AFF-8DBF-8EAEAFB47D36}.Debug|iPhoneSimulator.Build.0 = Debug|iPhoneSimulator
		{E7A12D19-082B-4AFF-8DBF-8EAEAFB47D36}.Debug|x64.ActiveCfg = Debug|iPhone
		{E7A12D19-082B-4AFF-8DBF-8EAEAFB47D36}.Debug|x86.ActiveCfg = Debug|iPhone
		{E7A12D19-082B-4AFF-8DBF-8EAEAFB47D36}.Release|Any CPU.ActiveCfg = Release|iPhone
		{E7A12D19-082B-4AFF-8DBF-8EAEAFB47D36}.Release|ARM.ActiveCfg = Release|iPhone
		{E7A12D19-082B-4AFF-8DBF-8EAEAFB47D36}.Release|iPhone.ActiveCfg = Release|iPhone
		{E7A12D19-082B-4AFF-8DBF-8EAEAFB47D36}.Release|iPhone.Build.0 = Release|iPhone
		{E7A12D19-082B-4AFF-8DBF-8EAEAFB47D36}.Release|iPhoneSimulator.ActiveCfg = Release|iPhoneSimulator
		{E7A12D19-082B-4AFF-8DBF-8EAEAFB47D36}.Release|iPhoneSimulator.Build.0 = Release|iPhoneSimulator
		{E7A12D19-082B-4AFF-8DBF-8EAEAFB47D36}.Release|x64.ActiveCfg = Release|iPhone
		{E7A12D19-082B-4AFF-8DBF-8EAEAFB47D36}.Release|x86.ActiveCfg = Release|iPhone
		{549A229B-9C26-48D1-A413-BC8B7B5185E2}.Ad-Hoc|Any CPU.ActiveCfg = Release|x86
		{549A229B-9C26-48D1-A413-BC8B7B5185E2}.Ad-Hoc|Any CPU.Build.0 = Release|x86
		{549A229B-9C26-48D1-A413-BC8B7B5185E2}.Ad-Hoc|Any CPU.Deploy.0 = Release|x86
		{549A229B-9C26-48D1-A413-BC8B7B5185E2}.Ad-Hoc|ARM.ActiveCfg = Release|ARM
		{549A229B-9C26-48D1-A413-BC8B7B5185E2}.Ad-Hoc|ARM.Build.0 = Release|ARM
		{549A229B-9C26-48D1-A413-BC8B7B5185E2}.Ad-Hoc|ARM.Deploy.0 = Release|ARM
		{549A229B-9C26-48D1-A413-BC8B7B5185E2}.Ad-Hoc|iPhone.ActiveCfg = Release|x86
		{549A229B-9C26-48D1-A413-BC8B7B5185E2}.Ad-Hoc|iPhone.Build.0 = Release|x86
		{549A229B-9C26-48D1-A413-BC8B7B5185E2}.Ad-Hoc|iPhone.Deploy.0 = Release|x86
		{549A229B-9C26-48D1-A413-BC8B7B5185E2}.Ad-Hoc|iPhoneSimulator.ActiveCfg = Release|x86
		{549A229B-9C26-48D1-A413-BC8B7B5185E2}.Ad-Hoc|iPhoneSimulator.Build.0 = Release|x86
		{549A229B-9C26-48D1-A413-BC8B7B5185E2}.Ad-Hoc|iPhoneSimulator.Deploy.0 = Release|x86
		{549A229B-9C26-48D1-A413-BC8B7B5185E2}.Ad-Hoc|x64.ActiveCfg = Release|x64
		{549A229B-9C26-48D1-A413-BC8B7B5185E2}.Ad-Hoc|x64.Build.0 = Release|x64
		{549A229B-9C26-48D1-A413-BC8B7B5185E2}.Ad-Hoc|x64.Deploy.0 = Release|x64
		{549A229B-9C26-48D1-A413-BC8B7B5185E2}.Ad-Hoc|x86.ActiveCfg = Release|x86
		{549A229B-9C26-48D1-A413-BC8B7B5185E2}.Ad-Hoc|x86.Build.0 = Release|x86
		{549A229B-9C26-48D1-A413-BC8B7B5185E2}.Ad-Hoc|x86.Deploy.0 = Release|x86
		{549A229B-9C26-48D1-A413-BC8B7B5185E2}.AppStore|Any CPU.ActiveCfg = Release|x86
		{549A229B-9C26-48D1-A413-BC8B7B5185E2}.AppStore|Any CPU.Build.0 = Release|x86
		{549A229B-9C26-48D1-A413-BC8B7B5185E2}.AppStore|Any CPU.Deploy.0 = Release|x86
		{549A229B-9C26-48D1-A413-BC8B7B5185E2}.AppStore|ARM.ActiveCfg = Release|ARM
		{549A229B-9C26-48D1-A413-BC8B7B5185E2}.AppStore|ARM.Build.0 = Release|ARM
		{549A229B-9C26-48D1-A413-BC8B7B5185E2}.AppStore|ARM.Deploy.0 = Release|ARM
		{549A229B-9C26-48D1-A413-BC8B7B5185E2}.AppStore|iPhone.ActiveCfg = Release|x86
		{549A229B-9C26-48D1-A413-BC8B7B5185E2}.AppStore|iPhone.Build.0 = Release|x86
		{549A229B-9C26-48D1-A413-BC8B7B5185E2}.AppStore|iPhone.Deploy.0 = Release|x86
		{549A229B-9C26-48D1-A413-BC8B7B5185E2}.AppStore|iPhoneSimulator.ActiveCfg = Release|x86
		{549A229B-9C26-48D1-A413-BC8B7B5185E2}.AppStore|iPhoneSimulator.Build.0 = Release|x86
		{549A229B-9C26-48D1-A413-BC8B7B5185E2}.AppStore|iPhoneSimulator.Deploy.0 = Release|x86
		{549A229B-9C26-48D1-A413-BC8B7B5185E2}.AppStore|x64.ActiveCfg = Release|x64
		{549A229B-9C26-48D1-A413-BC8B7B5185E2}.AppStore|x64.Build.0 = Release|x64
		{549A229B-9C26-48D1-A413-BC8B7B5185E2}.AppStore|x64.Deploy.0 = Release|x64
		{549A229B-9C26-48D1-A413-BC8B7B5185E2}.AppStore|x86.ActiveCfg = Release|x86
		{549A229B-9C26-48D1-A413-BC8B7B5185E2}.AppStore|x86.Build.0 = Release|x86
		{549A229B-9C26-48D1-A413-BC8B7B5185E2}.AppStore|x86.Deploy.0 = Release|x86
		{549A229B-9C26-48D1-A413-BC8B7B5185E2}.Debug|Any CPU.ActiveCfg = Debug|x86
		{549A229B-9C26-48D1-A413-BC8B7B5185E2}.Debug|ARM.ActiveCfg = Debug|ARM
		{549A229B-9C26-48D1-A413-BC8B7B5185E2}.Debug|ARM.Build.0 = Debug|ARM
		{549A229B-9C26-48D1-A413-BC8B7B5185E2}.Debug|ARM.Deploy.0 = Debug|ARM
		{549A229B-9C26-48D1-A413-BC8B7B5185E2}.Debug|iPhone.ActiveCfg = Debug|x86
		{549A229B-9C26-48D1-A413-BC8B7B5185E2}.Debug|iPhoneSimulator.ActiveCfg = Debug|x86
		{549A229B-9C26-48D1-A413-BC8B7B5185E2}.Debug|x64.ActiveCfg = Debug|x64
		{549A229B-9C26-48D1-A413-BC8B7B5185E2}.Debug|x64.Build.0 = Debug|x64
		{549A229B-9C26-48D1-A413-BC8B7B5185E2}.Debug|x64.Deploy.0 = Debug|x64
		{549A229B-9C26-48D1-A413-BC8B7B5185E2}.Debug|x86.ActiveCfg = Debug|x86
		{549A229B-9C26-48D1-A413-BC8B7B5185E2}.Debug|x86.Build.0 = Debug|x86
		{549A229B-9C26-48D1-A413-BC8B7B5185E2}.Debug|x86.Deploy.0 = Debug|x86
		{549A229B-9C26-48D1-A413-BC8B7B5185E2}.Release|Any CPU.ActiveCfg = Release|x86
		{549A229B-9C26-48D1-A413-BC8B7B5185E2}.Release|ARM.ActiveCfg = Release|ARM
		{549A229B-9C26-48D1-A413-BC8B7B5185E2}.Release|ARM.Build.0 = Release|ARM
		{549A229B-9C26-48D1-A413-BC8B7B5185E2}.Release|ARM.Deploy.0 = Release|ARM
		{549A229B-9C26-48D1-A413-BC8B7B5185E2}.Release|iPhone.ActiveCfg = Release|x86
		{549A229B-9C26-48D1-A413-BC8B7B5185E2}.Release|iPhoneSimulator.ActiveCfg = Release|x86
		{549A229B-9C26-48D1-A413-BC8B7B5185E2}.Release|x64.ActiveCfg = Release|x64
		{549A229B-9C26-48D1-A413-BC8B7B5185E2}.Release|x64.Build.0 = Release|x64
		{549A229B-9C26-48D1-A413-BC8B7B5185E2}.Release|x64.Deploy.0 = Release|x64
		{549A229B-9C26-48D1-A413-BC8B7B5185E2}.Release|x86.ActiveCfg = Release|x86
		{549A229B-9C26-48D1-A413-BC8B7B5185E2}.Release|x86.Build.0 = Release|x86
		{549A229B-9C26-48D1-A413-BC8B7B5185E2}.Release|x86.Deploy.0 = Release|x86
	EndGlobalSection
	GlobalSection(SolutionProperties) = preSolution
		HideSolutionNode = FALSE
	EndGlobalSection
EndGlobal
