
Microsoft Visual Studio Solution File, Format Version 12.00
# Visual Studio 15
VisualStudioVersion = 15.0.26403.7
MinimumVisualStudioVersion = 10.0.40219.1
Project("{FAE04EC0-301F-11D3-BF4B-00C04F79EFBC}") = "XISingle", "XISingle\XISingle.csproj", "{E052E87A-1CF3-46E5-935A-CF09EE18FDA6}"
EndProject
Global
	GlobalSection(SolutionConfigurationPlatforms) = preSolution
		Ad-Hoc|iPhone = Ad-Hoc|iPhone
		Ad-Hoc|iPhoneSimulator = Ad-Hoc|iPhoneSimulator
		AppStore|iPhone = AppStore|iPhone
		AppStore|iPhoneSimulator = AppStore|iPhoneSimulator
		Debug|iPhone = Debug|iPhone
		Debug|iPhoneSimulator = Debug|iPhoneSimulator
		Release|iPhone = Release|iPhone
		Release|iPhoneSimulator = Release|iPhoneSimulator
	EndGlobalSection
	GlobalSection(ProjectConfigurationPlatforms) = postSolution
		{E052E87A-1CF3-46E5-935A-CF09EE18FDA6}.Ad-Hoc|iPhone.ActiveCfg = Ad-Hoc|iPhone
		{E052E87A-1CF3-46E5-935A-CF09EE18FDA6}.Ad-Hoc|iPhone.Build.0 = Ad-Hoc|iPhone
		{E052E87A-1CF3-46E5-935A-CF09EE18FDA6}.Ad-Hoc|iPhoneSimulator.ActiveCfg = Ad-Hoc|iPhoneSimulator
		{E052E87A-1CF3-46E5-935A-CF09EE18FDA6}.Ad-Hoc|iPhoneSimulator.Build.0 = Ad-Hoc|iPhoneSimulator
		{E052E87A-1CF3-46E5-935A-CF09EE18FDA6}.AppStore|iPhone.ActiveCfg = AppStore|iPhone
		{E052E87A-1CF3-46E5-935A-CF09EE18FDA6}.AppStore|iPhone.Build.0 = AppStore|iPhone
		{E052E87A-1CF3-46E5-935A-CF09EE18FDA6}.AppStore|iPhoneSimulator.ActiveCfg = AppStore|iPhoneSimulator
		{E052E87A-1CF3-46E5-935A-CF09EE18FDA6}.AppStore|iPhoneSimulator.Build.0 = AppStore|iPhoneSimulator
		{E052E87A-1CF3-46E5-935A-CF09EE18FDA6}.Debug|iPhone.ActiveCfg = Debug|iPhone
		{E052E87A-1CF3-46E5-935A-CF09EE18FDA6}.Debug|iPhone.Build.0 = Debug|iPhone
		{E052E87A-1CF3-46E5-935A-CF09EE18FDA6}.Debug|iPhoneSimulator.ActiveCfg = Debug|iPhoneSimulator
		{E052E87A-1CF3-46E5-935A-CF09EE18FDA6}.Debug|iPhoneSimulator.Build.0 = Debug|iPhoneSimulator
		{E052E87A-1CF3-46E5-935A-CF09EE18FDA6}.Release|iPhone.ActiveCfg = Release|iPhone
		{E052E87A-1CF3-46E5-935A-CF09EE18FDA6}.Release|iPhone.Build.0 = Release|iPhone
		{E052E87A-1CF3-46E5-935A-CF09EE18FDA6}.Release|iPhoneSimulator.ActiveCfg = Release|iPhoneSimulator
		{E052E87A-1CF3-46E5-935A-CF09EE18FDA6}.Release|iPhoneSimulator.Build.0 = Release|iPhoneSimulator
	EndGlobalSection
	GlobalSection(SolutionProperties) = preSolution
		HideSolutionNode = FALSE
	EndGlobalSection
EndGlobal
