
Microsoft Visual Studio Solution File, Format Version 12.00
# Visual Studio 15
VisualStudioVersion = 15.0.26403.7
MinimumVisualStudioVersion = 10.0.40219.1
Project("{FAE04EC0-301F-11D3-BF4B-00C04F79EFBC}") = "XFNaviPara", "XFNaviPara\XFNaviPara\XFNaviPara.csproj", "{4DA63E4F-24E0-484B-8558-1C602D58FDA8}"
EndProject
Project("{FAE04EC0-301F-11D3-BF4B-00C04F79EFBC}") = "XFNaviPara.Droid", "XFNaviPara\XFNaviPara.Droid\XFNaviPara.Droid.csproj", "{40BC9EEC-8416-463C-BE2C-6EACF33A84F8}"
EndProject
Project("{FAE04EC0-301F-11D3-BF4B-00C04F79EFBC}") = "XFNaviPara.iOS", "XFNaviPara\XFNaviPara.iOS\XFNaviPara.iOS.csproj", "{C025C2CC-CF3A-41BA-8437-B5AC5968381B}"
EndProject
Project("{FAE04EC0-301F-11D3-BF4B-00C04F79EFBC}") = "XFNaviPara.UWP", "XFNaviPara\XFNaviPara.UWP\XFNaviPara.UWP.csproj", "{EACCE112-FE6E-4104-A1C5-329AD83DCF30}"
EndProject
Global
	GlobalSection(SolutionConfigurationPlatforms) = preSolution
		Ad-Hoc|Any CPU = Ad-Hoc|Any CPU
		Ad-Hoc|ARM = Ad-Hoc|ARM
		Ad-Hoc|iPhone = Ad-Hoc|iPhone
		Ad-Hoc|iPhoneSimulator = Ad-Hoc|iPhoneSimulator
		Ad-Hoc|x64 = Ad-Hoc|x64
		Ad-Hoc|x86 = Ad-Hoc|x86
		AppStore|Any CPU = AppStore|Any CPU
		AppStore|ARM = AppStore|ARM
		AppStore|iPhone = AppStore|iPhone
		AppStore|iPhoneSimulator = AppStore|iPhoneSimulator
		AppStore|x64 = AppStore|x64
		AppStore|x86 = AppStore|x86
		Debug|Any CPU = Debug|Any CPU
		Debug|ARM = Debug|ARM
		Debug|iPhone = Debug|iPhone
		Debug|iPhoneSimulator = Debug|iPhoneSimulator
		Debug|x64 = Debug|x64
		Debug|x86 = Debug|x86
		Release|Any CPU = Release|Any CPU
		Release|ARM = Release|ARM
		Release|iPhone = Release|iPhone
		Release|iPhoneSimulator = Release|iPhoneSimulator
		Release|x64 = Release|x64
		Release|x86 = Release|x86
	EndGlobalSection
	GlobalSection(ProjectConfigurationPlatforms) = postSolution
		{4DA63E4F-24E0-484B-8558-1C602D58FDA8}.Ad-Hoc|Any CPU.ActiveCfg = Release|Any CPU
		{4DA63E4F-24E0-484B-8558-1C602D58FDA8}.Ad-Hoc|Any CPU.Build.0 = Release|Any CPU
		{4DA63E4F-24E0-484B-8558-1C602D58FDA8}.Ad-Hoc|ARM.ActiveCfg = Release|Any CPU
		{4DA63E4F-24E0-484B-8558-1C602D58FDA8}.Ad-Hoc|ARM.Build.0 = Release|Any CPU
		{4DA63E4F-24E0-484B-8558-1C602D58FDA8}.Ad-Hoc|iPhone.ActiveCfg = Release|Any CPU
		{4DA63E4F-24E0-484B-8558-1C602D58FDA8}.Ad-Hoc|iPhone.Build.0 = Release|Any CPU
		{4DA63E4F-24E0-484B-8558-1C602D58FDA8}.Ad-Hoc|iPhoneSimulator.ActiveCfg = Release|Any CPU
		{4DA63E4F-24E0-484B-8558-1C602D58FDA8}.Ad-Hoc|iPhoneSimulator.Build.0 = Release|Any CPU
		{4DA63E4F-24E0-484B-8558-1C602D58FDA8}.Ad-Hoc|x64.ActiveCfg = Release|Any CPU
		{4DA63E4F-24E0-484B-8558-1C602D58FDA8}.Ad-Hoc|x64.Build.0 = Release|Any CPU
		{4DA63E4F-24E0-484B-8558-1C602D58FDA8}.Ad-Hoc|x86.ActiveCfg = Release|Any CPU
		{4DA63E4F-24E0-484B-8558-1C602D58FDA8}.Ad-Hoc|x86.Build.0 = Release|Any CPU
		{4DA63E4F-24E0-484B-8558-1C602D58FDA8}.AppStore|Any CPU.ActiveCfg = Release|Any CPU
		{4DA63E4F-24E0-484B-8558-1C602D58FDA8}.AppStore|Any CPU.Build.0 = Release|Any CPU
		{4DA63E4F-24E0-484B-8558-1C602D58FDA8}.AppStore|ARM.ActiveCfg = Release|Any CPU
		{4DA63E4F-24E0-484B-8558-1C602D58FDA8}.AppStore|ARM.Build.0 = Release|Any CPU
		{4DA63E4F-24E0-484B-8558-1C602D58FDA8}.AppStore|iPhone.ActiveCfg = Release|Any CPU
		{4DA63E4F-24E0-484B-8558-1C602D58FDA8}.AppStore|iPhone.Build.0 = Release|Any CPU
		{4DA63E4F-24E0-484B-8558-1C602D58FDA8}.AppStore|iPhoneSimulator.ActiveCfg = Release|Any CPU
		{4DA63E4F-24E0-484B-8558-1C602D58FDA8}.AppStore|iPhoneSimulator.Build.0 = Release|Any CPU
		{4DA63E4F-24E0-484B-8558-1C602D58FDA8}.AppStore|x64.ActiveCfg = Release|Any CPU
		{4DA63E4F-24E0-484B-8558-1C602D58FDA8}.AppStore|x64.Build.0 = Release|Any CPU
		{4DA63E4F-24E0-484B-8558-1C602D58FDA8}.AppStore|x86.ActiveCfg = Release|Any CPU
		{4DA63E4F-24E0-484B-8558-1C602D58FDA8}.AppStore|x86.Build.0 = Release|Any CPU
		{4DA63E4F-24E0-484B-8558-1C602D58FDA8}.Debug|Any CPU.ActiveCfg = Debug|Any CPU
		{4DA63E4F-24E0-484B-8558-1C602D58FDA8}.Debug|Any CPU.Build.0 = Debug|Any CPU
		{4DA63E4F-24E0-484B-8558-1C602D58FDA8}.Debug|ARM.ActiveCfg = Debug|Any CPU
		{4DA63E4F-24E0-484B-8558-1C602D58FDA8}.Debug|ARM.Build.0 = Debug|Any CPU
		{4DA63E4F-24E0-484B-8558-1C602D58FDA8}.Debug|iPhone.ActiveCfg = Debug|Any CPU
		{4DA63E4F-24E0-484B-8558-1C602D58FDA8}.Debug|iPhone.Build.0 = Debug|Any CPU
		{4DA63E4F-24E0-484B-8558-1C602D58FDA8}.Debug|iPhoneSimulator.ActiveCfg = Debug|Any CPU
		{4DA63E4F-24E0-484B-8558-1C602D58FDA8}.Debug|iPhoneSimulator.Build.0 = Debug|Any CPU
		{4DA63E4F-24E0-484B-8558-1C602D58FDA8}.Debug|x64.ActiveCfg = Debug|Any CPU
		{4DA63E4F-24E0-484B-8558-1C602D58FDA8}.Debug|x64.Build.0 = Debug|Any CPU
		{4DA63E4F-24E0-484B-8558-1C602D58FDA8}.Debug|x86.ActiveCfg = Debug|Any CPU
		{4DA63E4F-24E0-484B-8558-1C602D58FDA8}.Debug|x86.Build.0 = Debug|Any CPU
		{4DA63E4F-24E0-484B-8558-1C602D58FDA8}.Release|Any CPU.ActiveCfg = Release|Any CPU
		{4DA63E4F-24E0-484B-8558-1C602D58FDA8}.Release|Any CPU.Build.0 = Release|Any CPU
		{4DA63E4F-24E0-484B-8558-1C602D58FDA8}.Release|ARM.ActiveCfg = Release|Any CPU
		{4DA63E4F-24E0-484B-8558-1C602D58FDA8}.Release|ARM.Build.0 = Release|Any CPU
		{4DA63E4F-24E0-484B-8558-1C602D58FDA8}.Release|iPhone.ActiveCfg = Release|Any CPU
		{4DA63E4F-24E0-484B-8558-1C602D58FDA8}.Release|iPhone.Build.0 = Release|Any CPU
		{4DA63E4F-24E0-484B-8558-1C602D58FDA8}.Release|iPhoneSimulator.ActiveCfg = Release|Any CPU
		{4DA63E4F-24E0-484B-8558-1C602D58FDA8}.Release|iPhoneSimulator.Build.0 = Release|Any CPU
		{4DA63E4F-24E0-484B-8558-1C602D58FDA8}.Release|x64.ActiveCfg = Release|Any CPU
		{4DA63E4F-24E0-484B-8558-1C602D58FDA8}.Release|x64.Build.0 = Release|Any CPU
		{4DA63E4F-24E0-484B-8558-1C602D58FDA8}.Release|x86.ActiveCfg = Release|Any CPU
		{4DA63E4F-24E0-484B-8558-1C602D58FDA8}.Release|x86.Build.0 = Release|Any CPU
		{40BC9EEC-8416-463C-BE2C-6EACF33A84F8}.Ad-Hoc|Any CPU.ActiveCfg = Release|Any CPU
		{40BC9EEC-8416-463C-BE2C-6EACF33A84F8}.Ad-Hoc|Any CPU.Build.0 = Release|Any CPU
		{40BC9EEC-8416-463C-BE2C-6EACF33A84F8}.Ad-Hoc|Any CPU.Deploy.0 = Release|Any CPU
		{40BC9EEC-8416-463C-BE2C-6EACF33A84F8}.Ad-Hoc|ARM.ActiveCfg = Release|Any CPU
		{40BC9EEC-8416-463C-BE2C-6EACF33A84F8}.Ad-Hoc|ARM.Build.0 = Release|Any CPU
		{40BC9EEC-8416-463C-BE2C-6EACF33A84F8}.Ad-Hoc|ARM.Deploy.0 = Release|Any CPU
		{40BC9EEC-8416-463C-BE2C-6EACF33A84F8}.Ad-Hoc|iPhone.ActiveCfg = Release|Any CPU
		{40BC9EEC-8416-463C-BE2C-6EACF33A84F8}.Ad-Hoc|iPhone.Build.0 = Release|Any CPU
		{40BC9EEC-8416-463C-BE2C-6EACF33A84F8}.Ad-Hoc|iPhone.Deploy.0 = Release|Any CPU
		{40BC9EEC-8416-463C-BE2C-6EACF33A84F8}.Ad-Hoc|iPhoneSimulator.ActiveCfg = Release|Any CPU
		{40BC9EEC-8416-463C-BE2C-6EACF33A84F8}.Ad-Hoc|iPhoneSimulator.Build.0 = Release|Any CPU
		{40BC9EEC-8416-463C-BE2C-6EACF33A84F8}.Ad-Hoc|iPhoneSimulator.Deploy.0 = Release|Any CPU
		{40BC9EEC-8416-463C-BE2C-6EACF33A84F8}.Ad-Hoc|x64.ActiveCfg = Release|Any CPU
		{40BC9EEC-8416-463C-BE2C-6EACF33A84F8}.Ad-Hoc|x64.Build.0 = Release|Any CPU
		{40BC9EEC-8416-463C-BE2C-6EACF33A84F8}.Ad-Hoc|x64.Deploy.0 = Release|Any CPU
		{40BC9EEC-8416-463C-BE2C-6EACF33A84F8}.Ad-Hoc|x86.ActiveCfg = Release|Any CPU
		{40BC9EEC-8416-463C-BE2C-6EACF33A84F8}.Ad-Hoc|x86.Build.0 = Release|Any CPU
		{40BC9EEC-8416-463C-BE2C-6EACF33A84F8}.Ad-Hoc|x86.Deploy.0 = Release|Any CPU
		{40BC9EEC-8416-463C-BE2C-6EACF33A84F8}.AppStore|Any CPU.ActiveCfg = Release|Any CPU
		{40BC9EEC-8416-463C-BE2C-6EACF33A84F8}.AppStore|Any CPU.Build.0 = Release|Any CPU
		{40BC9EEC-8416-463C-BE2C-6EACF33A84F8}.AppStore|Any CPU.Deploy.0 = Release|Any CPU
		{40BC9EEC-8416-463C-BE2C-6EACF33A84F8}.AppStore|ARM.ActiveCfg = Release|Any CPU
		{40BC9EEC-8416-463C-BE2C-6EACF33A84F8}.AppStore|ARM.Build.0 = Release|Any CPU
		{40BC9EEC-8416-463C-BE2C-6EACF33A84F8}.AppStore|ARM.Deploy.0 = Release|Any CPU
		{40BC9EEC-8416-463C-BE2C-6EACF33A84F8}.AppStore|iPhone.ActiveCfg = Release|Any CPU
		{40BC9EEC-8416-463C-BE2C-6EACF33A84F8}.AppStore|iPhone.Build.0 = Release|Any CPU
		{40BC9EEC-8416-463C-BE2C-6EACF33A84F8}.AppStore|iPhone.Deploy.0 = Release|Any CPU
		{40BC9EEC-8416-463C-BE2C-6EACF33A84F8}.AppStore|iPhoneSimulator.ActiveCfg = Release|Any CPU
		{40BC9EEC-8416-463C-BE2C-6EACF33A84F8}.AppStore|iPhoneSimulator.Build.0 = Release|Any CPU
		{40BC9EEC-8416-463C-BE2C-6EACF33A84F8}.AppStore|iPhoneSimulator.Deploy.0 = Release|Any CPU
		{40BC9EEC-8416-463C-BE2C-6EACF33A84F8}.AppStore|x64.ActiveCfg = Release|Any CPU
		{40BC9EEC-8416-463C-BE2C-6EACF33A84F8}.AppStore|x64.Build.0 = Release|Any CPU
		{40BC9EEC-8416-463C-BE2C-6EACF33A84F8}.AppStore|x64.Deploy.0 = Release|Any CPU
		{40BC9EEC-8416-463C-BE2C-6EACF33A84F8}.AppStore|x86.ActiveCfg = Release|Any CPU
		{40BC9EEC-8416-463C-BE2C-6EACF33A84F8}.AppStore|x86.Build.0 = Release|Any CPU
		{40BC9EEC-8416-463C-BE2C-6EACF33A84F8}.AppStore|x86.Deploy.0 = Release|Any CPU
		{40BC9EEC-8416-463C-BE2C-6EACF33A84F8}.Debug|Any CPU.ActiveCfg = Debug|Any CPU
		{40BC9EEC-8416-463C-BE2C-6EACF33A84F8}.Debug|Any CPU.Build.0 = Debug|Any CPU
		{40BC9EEC-8416-463C-BE2C-6EACF33A84F8}.Debug|Any CPU.Deploy.0 = Debug|Any CPU
		{40BC9EEC-8416-463C-BE2C-6EACF33A84F8}.Debug|ARM.ActiveCfg = Debug|Any CPU
		{40BC9EEC-8416-463C-BE2C-6EACF33A84F8}.Debug|ARM.Build.0 = Debug|Any CPU
		{40BC9EEC-8416-463C-BE2C-6EACF33A84F8}.Debug|ARM.Deploy.0 = Debug|Any CPU
		{40BC9EEC-8416-463C-BE2C-6EACF33A84F8}.Debug|iPhone.ActiveCfg = Debug|Any CPU
		{40BC9EEC-8416-463C-BE2C-6EACF33A84F8}.Debug|iPhone.Build.0 = Debug|Any CPU
		{40BC9EEC-8416-463C-BE2C-6EACF33A84F8}.Debug|iPhone.Deploy.0 = Debug|Any CPU
		{40BC9EEC-8416-463C-BE2C-6EACF33A84F8}.Debug|iPhoneSimulator.ActiveCfg = Debug|Any CPU
		{40BC9EEC-8416-463C-BE2C-6EACF33A84F8}.Debug|iPhoneSimulator.Build.0 = Debug|Any CPU
		{40BC9EEC-8416-463C-BE2C-6EACF33A84F8}.Debug|iPhoneSimulator.Deploy.0 = Debug|Any CPU
		{40BC9EEC-8416-463C-BE2C-6EACF33A84F8}.Debug|x64.ActiveCfg = Debug|Any CPU
		{40BC9EEC-8416-463C-BE2C-6EACF33A84F8}.Debug|x64.Build.0 = Debug|Any CPU
		{40BC9EEC-8416-463C-BE2C-6EACF33A84F8}.Debug|x64.Deploy.0 = Debug|Any CPU
		{40BC9EEC-8416-463C-BE2C-6EACF33A84F8}.Debug|x86.ActiveCfg = Debug|Any CPU
		{40BC9EEC-8416-463C-BE2C-6EACF33A84F8}.Debug|x86.Build.0 = Debug|Any CPU
		{40BC9EEC-8416-463C-BE2C-6EACF33A84F8}.Debug|x86.Deploy.0 = Debug|Any CPU
		{40BC9EEC-8416-463C-BE2C-6EACF33A84F8}.Release|Any CPU.ActiveCfg = Release|Any CPU
		{40BC9EEC-8416-463C-BE2C-6EACF33A84F8}.Release|Any CPU.Build.0 = Release|Any CPU
		{40BC9EEC-8416-463C-BE2C-6EACF33A84F8}.Release|Any CPU.Deploy.0 = Release|Any CPU
		{40BC9EEC-8416-463C-BE2C-6EACF33A84F8}.Release|ARM.ActiveCfg = Release|Any CPU
		{40BC9EEC-8416-463C-BE2C-6EACF33A84F8}.Release|ARM.Build.0 = Release|Any CPU
		{40BC9EEC-8416-463C-BE2C-6EACF33A84F8}.Release|ARM.Deploy.0 = Release|Any CPU
		{40BC9EEC-8416-463C-BE2C-6EACF33A84F8}.Release|iPhone.ActiveCfg = Release|Any CPU
		{40BC9EEC-8416-463C-BE2C-6EACF33A84F8}.Release|iPhone.Build.0 = Release|Any CPU
		{40BC9EEC-8416-463C-BE2C-6EACF33A84F8}.Release|iPhone.Deploy.0 = Release|Any CPU
		{40BC9EEC-8416-463C-BE2C-6EACF33A84F8}.Release|iPhoneSimulator.ActiveCfg = Release|Any CPU
		{40BC9EEC-8416-463C-BE2C-6EACF33A84F8}.Release|iPhoneSimulator.Build.0 = Release|Any CPU
		{40BC9EEC-8416-463C-BE2C-6EACF33A84F8}.Release|iPhoneSimulator.Deploy.0 = Release|Any CPU
		{40BC9EEC-8416-463C-BE2C-6EACF33A84F8}.Release|x64.ActiveCfg = Release|Any CPU
		{40BC9EEC-8416-463C-BE2C-6EACF33A84F8}.Release|x64.Build.0 = Release|Any CPU
		{40BC9EEC-8416-463C-BE2C-6EACF33A84F8}.Release|x64.Deploy.0 = Release|Any CPU
		{40BC9EEC-8416-463C-BE2C-6EACF33A84F8}.Release|x86.ActiveCfg = Release|Any CPU
		{40BC9EEC-8416-463C-BE2C-6EACF33A84F8}.Release|x86.Build.0 = Release|Any CPU
		{40BC9EEC-8416-463C-BE2C-6EACF33A84F8}.Release|x86.Deploy.0 = Release|Any CPU
		{C025C2CC-CF3A-41BA-8437-B5AC5968381B}.Ad-Hoc|Any CPU.ActiveCfg = Ad-Hoc|iPhone
		{C025C2CC-CF3A-41BA-8437-B5AC5968381B}.Ad-Hoc|ARM.ActiveCfg = Ad-Hoc|iPhone
		{C025C2CC-CF3A-41BA-8437-B5AC5968381B}.Ad-Hoc|iPhone.ActiveCfg = Ad-Hoc|iPhone
		{C025C2CC-CF3A-41BA-8437-B5AC5968381B}.Ad-Hoc|iPhone.Build.0 = Ad-Hoc|iPhone
		{C025C2CC-CF3A-41BA-8437-B5AC5968381B}.Ad-Hoc|iPhoneSimulator.ActiveCfg = Ad-Hoc|iPhoneSimulator
		{C025C2CC-CF3A-41BA-8437-B5AC5968381B}.Ad-Hoc|iPhoneSimulator.Build.0 = Ad-Hoc|iPhoneSimulator
		{C025C2CC-CF3A-41BA-8437-B5AC5968381B}.Ad-Hoc|x64.ActiveCfg = Ad-Hoc|iPhone
		{C025C2CC-CF3A-41BA-8437-B5AC5968381B}.Ad-Hoc|x86.ActiveCfg = Ad-Hoc|iPhone
		{C025C2CC-CF3A-41BA-8437-B5AC5968381B}.AppStore|Any CPU.ActiveCfg = AppStore|iPhone
		{C025C2CC-CF3A-41BA-8437-B5AC5968381B}.AppStore|ARM.ActiveCfg = AppStore|iPhone
		{C025C2CC-CF3A-41BA-8437-B5AC5968381B}.AppStore|iPhone.ActiveCfg = AppStore|iPhone
		{C025C2CC-CF3A-41BA-8437-B5AC5968381B}.AppStore|iPhone.Build.0 = AppStore|iPhone
		{C025C2CC-CF3A-41BA-8437-B5AC5968381B}.AppStore|iPhoneSimulator.ActiveCfg = AppStore|iPhoneSimulator
		{C025C2CC-CF3A-41BA-8437-B5AC5968381B}.AppStore|iPhoneSimulator.Build.0 = AppStore|iPhoneSimulator
		{C025C2CC-CF3A-41BA-8437-B5AC5968381B}.AppStore|x64.ActiveCfg = AppStore|iPhone
		{C025C2CC-CF3A-41BA-8437-B5AC5968381B}.AppStore|x86.ActiveCfg = AppStore|iPhone
		{C025C2CC-CF3A-41BA-8437-B5AC5968381B}.Debug|Any CPU.ActiveCfg = Debug|iPhone
		{C025C2CC-CF3A-41BA-8437-B5AC5968381B}.Debug|ARM.ActiveCfg = Debug|iPhone
		{C025C2CC-CF3A-41BA-8437-B5AC5968381B}.Debug|iPhone.ActiveCfg = Debug|iPhone
		{C025C2CC-CF3A-41BA-8437-B5AC5968381B}.Debug|iPhone.Build.0 = Debug|iPhone
		{C025C2CC-CF3A-41BA-8437-B5AC5968381B}.Debug|iPhoneSimulator.ActiveCfg = Debug|iPhoneSimulator
		{C025C2CC-CF3A-41BA-8437-B5AC5968381B}.Debug|iPhoneSimulator.Build.0 = Debug|iPhoneSimulator
		{C025C2CC-CF3A-41BA-8437-B5AC5968381B}.Debug|x64.ActiveCfg = Debug|iPhone
		{C025C2CC-CF3A-41BA-8437-B5AC5968381B}.Debug|x86.ActiveCfg = Debug|iPhone
		{C025C2CC-CF3A-41BA-8437-B5AC5968381B}.Release|Any CPU.ActiveCfg = Release|iPhone
		{C025C2CC-CF3A-41BA-8437-B5AC5968381B}.Release|ARM.ActiveCfg = Release|iPhone
		{C025C2CC-CF3A-41BA-8437-B5AC5968381B}.Release|iPhone.ActiveCfg = Release|iPhone
		{C025C2CC-CF3A-41BA-8437-B5AC5968381B}.Release|iPhone.Build.0 = Release|iPhone
		{C025C2CC-CF3A-41BA-8437-B5AC5968381B}.Release|iPhoneSimulator.ActiveCfg = Release|iPhoneSimulator
		{C025C2CC-CF3A-41BA-8437-B5AC5968381B}.Release|iPhoneSimulator.Build.0 = Release|iPhoneSimulator
		{C025C2CC-CF3A-41BA-8437-B5AC5968381B}.Release|x64.ActiveCfg = Release|iPhone
		{C025C2CC-CF3A-41BA-8437-B5AC5968381B}.Release|x86.ActiveCfg = Release|iPhone
		{EACCE112-FE6E-4104-A1C5-329AD83DCF30}.Ad-Hoc|Any CPU.ActiveCfg = Release|x86
		{EACCE112-FE6E-4104-A1C5-329AD83DCF30}.Ad-Hoc|Any CPU.Build.0 = Release|x86
		{EACCE112-FE6E-4104-A1C5-329AD83DCF30}.Ad-Hoc|Any CPU.Deploy.0 = Release|x86
		{EACCE112-FE6E-4104-A1C5-329AD83DCF30}.Ad-Hoc|ARM.ActiveCfg = Release|ARM
		{EACCE112-FE6E-4104-A1C5-329AD83DCF30}.Ad-Hoc|ARM.Build.0 = Release|ARM
		{EACCE112-FE6E-4104-A1C5-329AD83DCF30}.Ad-Hoc|ARM.Deploy.0 = Release|ARM
		{EACCE112-FE6E-4104-A1C5-329AD83DCF30}.Ad-Hoc|iPhone.ActiveCfg = Release|x86
		{EACCE112-FE6E-4104-A1C5-329AD83DCF30}.Ad-Hoc|iPhone.Build.0 = Release|x86
		{EACCE112-FE6E-4104-A1C5-329AD83DCF30}.Ad-Hoc|iPhone.Deploy.0 = Release|x86
		{EACCE112-FE6E-4104-A1C5-329AD83DCF30}.Ad-Hoc|iPhoneSimulator.ActiveCfg = Release|x86
		{EACCE112-FE6E-4104-A1C5-329AD83DCF30}.Ad-Hoc|iPhoneSimulator.Build.0 = Release|x86
		{EACCE112-FE6E-4104-A1C5-329AD83DCF30}.Ad-Hoc|iPhoneSimulator.Deploy.0 = Release|x86
		{EACCE112-FE6E-4104-A1C5-329AD83DCF30}.Ad-Hoc|x64.ActiveCfg = Release|x64
		{EACCE112-FE6E-4104-A1C5-329AD83DCF30}.Ad-Hoc|x64.Build.0 = Release|x64
		{EACCE112-FE6E-4104-A1C5-329AD83DCF30}.Ad-Hoc|x64.Deploy.0 = Release|x64
		{EACCE112-FE6E-4104-A1C5-329AD83DCF30}.Ad-Hoc|x86.ActiveCfg = Release|x86
		{EACCE112-FE6E-4104-A1C5-329AD83DCF30}.Ad-Hoc|x86.Build.0 = Release|x86
		{EACCE112-FE6E-4104-A1C5-329AD83DCF30}.Ad-Hoc|x86.Deploy.0 = Release|x86
		{EACCE112-FE6E-4104-A1C5-329AD83DCF30}.AppStore|Any CPU.ActiveCfg = Release|x86
		{EACCE112-FE6E-4104-A1C5-329AD83DCF30}.AppStore|Any CPU.Build.0 = Release|x86
		{EACCE112-FE6E-4104-A1C5-329AD83DCF30}.AppStore|Any CPU.Deploy.0 = Release|x86
		{EACCE112-FE6E-4104-A1C5-329AD83DCF30}.AppStore|ARM.ActiveCfg = Release|ARM
		{EACCE112-FE6E-4104-A1C5-329AD83DCF30}.AppStore|ARM.Build.0 = Release|ARM
		{EACCE112-FE6E-4104-A1C5-329AD83DCF30}.AppStore|ARM.Deploy.0 = Release|ARM
		{EACCE112-FE6E-4104-A1C5-329AD83DCF30}.AppStore|iPhone.ActiveCfg = Release|x86
		{EACCE112-FE6E-4104-A1C5-329AD83DCF30}.AppStore|iPhone.Build.0 = Release|x86
		{EACCE112-FE6E-4104-A1C5-329AD83DCF30}.AppStore|iPhone.Deploy.0 = Release|x86
		{EACCE112-FE6E-4104-A1C5-329AD83DCF30}.AppStore|iPhoneSimulator.ActiveCfg = Release|x86
		{EACCE112-FE6E-4104-A1C5-329AD83DCF30}.AppStore|iPhoneSimulator.Build.0 = Release|x86
		{EACCE112-FE6E-4104-A1C5-329AD83DCF30}.AppStore|iPhoneSimulator.Deploy.0 = Release|x86
		{EACCE112-FE6E-4104-A1C5-329AD83DCF30}.AppStore|x64.ActiveCfg = Release|x64
		{EACCE112-FE6E-4104-A1C5-329AD83DCF30}.AppStore|x64.Build.0 = Release|x64
		{EACCE112-FE6E-4104-A1C5-329AD83DCF30}.AppStore|x64.Deploy.0 = Release|x64
		{EACCE112-FE6E-4104-A1C5-329AD83DCF30}.AppStore|x86.ActiveCfg = Release|x86
		{EACCE112-FE6E-4104-A1C5-329AD83DCF30}.AppStore|x86.Build.0 = Release|x86
		{EACCE112-FE6E-4104-A1C5-329AD83DCF30}.AppStore|x86.Deploy.0 = Release|x86
		{EACCE112-FE6E-4104-A1C5-329AD83DCF30}.Debug|Any CPU.ActiveCfg = Debug|x86
		{EACCE112-FE6E-4104-A1C5-329AD83DCF30}.Debug|ARM.ActiveCfg = Debug|ARM
		{EACCE112-FE6E-4104-A1C5-329AD83DCF30}.Debug|ARM.Build.0 = Debug|ARM
		{EACCE112-FE6E-4104-A1C5-329AD83DCF30}.Debug|ARM.Deploy.0 = Debug|ARM
		{EACCE112-FE6E-4104-A1C5-329AD83DCF30}.Debug|iPhone.ActiveCfg = Debug|x86
		{EACCE112-FE6E-4104-A1C5-329AD83DCF30}.Debug|iPhoneSimulator.ActiveCfg = Debug|x86
		{EACCE112-FE6E-4104-A1C5-329AD83DCF30}.Debug|x64.ActiveCfg = Debug|x64
		{EACCE112-FE6E-4104-A1C5-329AD83DCF30}.Debug|x64.Build.0 = Debug|x64
		{EACCE112-FE6E-4104-A1C5-329AD83DCF30}.Debug|x64.Deploy.0 = Debug|x64
		{EACCE112-FE6E-4104-A1C5-329AD83DCF30}.Debug|x86.ActiveCfg = Debug|x86
		{EACCE112-FE6E-4104-A1C5-329AD83DCF30}.Debug|x86.Build.0 = Debug|x86
		{EACCE112-FE6E-4104-A1C5-329AD83DCF30}.Debug|x86.Deploy.0 = Debug|x86
		{EACCE112-FE6E-4104-A1C5-329AD83DCF30}.Release|Any CPU.ActiveCfg = Release|x86
		{EACCE112-FE6E-4104-A1C5-329AD83DCF30}.Release|ARM.ActiveCfg = Release|ARM
		{EACCE112-FE6E-4104-A1C5-329AD83DCF30}.Release|ARM.Build.0 = Release|ARM
		{EACCE112-FE6E-4104-A1C5-329AD83DCF30}.Release|ARM.Deploy.0 = Release|ARM
		{EACCE112-FE6E-4104-A1C5-329AD83DCF30}.Release|iPhone.ActiveCfg = Release|x86
		{EACCE112-FE6E-4104-A1C5-329AD83DCF30}.Release|iPhoneSimulator.ActiveCfg = Release|x86
		{EACCE112-FE6E-4104-A1C5-329AD83DCF30}.Release|x64.ActiveCfg = Release|x64
		{EACCE112-FE6E-4104-A1C5-329AD83DCF30}.Release|x64.Build.0 = Release|x64
		{EACCE112-FE6E-4104-A1C5-329AD83DCF30}.Release|x64.Deploy.0 = Release|x64
		{EACCE112-FE6E-4104-A1C5-329AD83DCF30}.Release|x86.ActiveCfg = Release|x86
		{EACCE112-FE6E-4104-A1C5-329AD83DCF30}.Release|x86.Build.0 = Release|x86
		{EACCE112-FE6E-4104-A1C5-329AD83DCF30}.Release|x86.Deploy.0 = Release|x86
	EndGlobalSection
	GlobalSection(SolutionProperties) = preSolution
		HideSolutionNode = FALSE
	EndGlobalSection
EndGlobal
